<?xml version="1.0" encoding="utf-8"?>
<Project ToolsVersion="4.0" xmlns="http://schemas.microsoft.com/developer/msbuild/2003">
  <ItemGroup>
    <Filter Include="src">
      <UniqueIdentifier>{19b168aa-f119-4381-8cbf-2da9c925fac0}</UniqueIdentifier>
    </Filter>
    <Filter Include="src\rediscli">
      <UniqueIdentifier>{b8d0f81c-ef62-4718-a5d7-1bb9d70a9f3d}</UniqueIdentifier>
    </Filter>
  </ItemGroup>
  <ItemGroup>
    <ClInclude Include="..\src\rediscli\rediscli.h">
      <Filter>src\rediscli</Filter>
    </ClInclude>
    <ClInclude Include="..\src\Precompile.h">
      <Filter>src</Filter>
    </ClInclude>
    <ClInclude Include="..\src\Common.h">
      <Filter>src</Filter>
    </ClInclude>
  </ItemGroup>
  <ItemGroup>
    <ClCompile Include="..\src\rediscli\rediscli.cpp">
      <Filter>src\rediscli</Filter>
    </ClCompile>
    <ClCompile Include="..\src\Precompile.cpp">
      <Filter>src</Filter>
    </ClCompile>
    <ClCompile Include="..\src\Common.cpp">
      <Filter>src</Filter>
    </ClCompile>
  </ItemGroup>
</Project>